
Microsoft Visual Studio Solution File, Format Version 12.00
# Visual Studio Version 17
VisualStudioVersion = 17.4.33122.133
MinimumVisualStudioVersion = 10.0.40219.1
Project("{FAE04EC0-301F-11D3-BF4B-00C04F79EFBC}") = "WebapptoGithub_New", "WebapptoGithub_New.csproj", "{4852AB94-B826-4ECC-A768-90D182A7B961}"
EndProject
Global
	GlobalSection(SolutionConfigurationPlatforms) = preSolution
		Debug|Any CPU = Debug|Any CPU
		Release|Any CPU = Release|Any CPU
	EndGlobalSection
	GlobalSection(ProjectConfigurationPlatforms) = postSolution
		{4852AB94-B826-4ECC-A768-90D182A7B961}.Debug|Any CPU.ActiveCfg = Debug|Any CPU
		{4852AB94-B826-4ECC-A768-90D182A7B961}.Debug|Any CPU.Build.0 = Debug|Any CPU
		{4852AB94-B826-4ECC-A768-90D182A7B961}.Release|Any CPU.ActiveCfg = Release|Any CPU
		{4852AB94-B826-4ECC-A768-90D182A7B961}.Release|Any CPU.Build.0 = Release|Any CPU
	EndGlobalSection
	GlobalSection(SolutionProperties) = preSolution
		HideSolutionNode = FALSE
	EndGlobalSection
	GlobalSection(ExtensibilityGlobals) = postSolution
		SolutionGuid = {077D67C4-1C52-4100-B603-0E08CA0E55C1}
	EndGlobalSection
EndGlobal
